
Microsoft Visual Studio Solution File, Format Version 12.00
# Visual Studio Version 17
VisualStudioVersion = 17.12.35728.132
MinimumVisualStudioVersion = 10.0.40219.1
Project("{FAE04EC0-301F-11D3-BF4B-00C04F79EFBC}") = "ProductManager.Blazor", "ProductManager.Blazor\ProductManager.Blazor.csproj", "{32CB9353-C040-4375-A27C-FCC62E87B3EB}"
EndProject
Project("{2150E333-8FDC-42A3-9474-1A3956D46DE8}") = "03 App", "03 App", "{2A898E88-248B-4756-9D70-EEF98EB97E98}"
EndProject
Project("{2150E333-8FDC-42A3-9474-1A3956D46DE8}") = "99 Tools", "99 Tools", "{BC0FDEA4-1296-40F2-8F9C-116965AE1FC9}"
EndProject
Project("{FAE04EC0-301F-11D3-BF4B-00C04F79EFBC}") = "CommandQuerySeparation", "CommandQuerySeparation\CommandQuerySeparation.csproj", "{981E698F-76B2-4109-ACAB-716781E08378}"
EndProject
Project("{2150E333-8FDC-42A3-9474-1A3956D46DE8}") = "01 Domain", "01 Domain", "{97B72561-28D4-42E8-8BFE-DAC8BA7D99C8}"
EndProject
Project("{FAE04EC0-301F-11D3-BF4B-00C04F79EFBC}") = "ProductManager.Blazor.Domain", "ProductManager.Blazor.Domain\ProductManager.Blazor.Domain.csproj", "{5B6555D4-9978-4B57-B99B-9903B2791185}"
EndProject
Global
	GlobalSection(SolutionConfigurationPlatforms) = preSolution
		Debug|Any CPU = Debug|Any CPU
		Release|Any CPU = Release|Any CPU
	EndGlobalSection
	GlobalSection(ProjectConfigurationPlatforms) = postSolution
		{32CB9353-C040-4375-A27C-FCC62E87B3EB}.Debug|Any CPU.ActiveCfg = Debug|Any CPU
		{32CB9353-C040-4375-A27C-FCC62E87B3EB}.Debug|Any CPU.Build.0 = Debug|Any CPU
		{32CB9353-C040-4375-A27C-FCC62E87B3EB}.Release|Any CPU.ActiveCfg = Release|Any CPU
		{32CB9353-C040-4375-A27C-FCC62E87B3EB}.Release|Any CPU.Build.0 = Release|Any CPU
		{981E698F-76B2-4109-ACAB-716781E08378}.Debug|Any CPU.ActiveCfg = Debug|Any CPU
		{981E698F-76B2-4109-ACAB-716781E08378}.Debug|Any CPU.Build.0 = Debug|Any CPU
		{981E698F-76B2-4109-ACAB-716781E08378}.Release|Any CPU.ActiveCfg = Release|Any CPU
		{981E698F-76B2-4109-ACAB-716781E08378}.Release|Any CPU.Build.0 = Release|Any CPU
		{5B6555D4-9978-4B57-B99B-9903B2791185}.Debug|Any CPU.ActiveCfg = Debug|Any CPU
		{5B6555D4-9978-4B57-B99B-9903B2791185}.Debug|Any CPU.Build.0 = Debug|Any CPU
		{5B6555D4-9978-4B57-B99B-9903B2791185}.Release|Any CPU.ActiveCfg = Release|Any CPU
		{5B6555D4-9978-4B57-B99B-9903B2791185}.Release|Any CPU.Build.0 = Release|Any CPU
	EndGlobalSection
	GlobalSection(SolutionProperties) = preSolution
		HideSolutionNode = FALSE
	EndGlobalSection
	GlobalSection(NestedProjects) = preSolution
		{32CB9353-C040-4375-A27C-FCC62E87B3EB} = {2A898E88-248B-4756-9D70-EEF98EB97E98}
		{981E698F-76B2-4109-ACAB-716781E08378} = {BC0FDEA4-1296-40F2-8F9C-116965AE1FC9}
		{5B6555D4-9978-4B57-B99B-9903B2791185} = {97B72561-28D4-42E8-8BFE-DAC8BA7D99C8}
	EndGlobalSection
EndGlobal
