
Microsoft Visual Studio Solution File, Format Version 12.00
# Visual Studio Version 17
VisualStudioVersion = 17.12.35728.132 d17.12
MinimumVisualStudioVersion = 10.0.40219.1
Project("{FAE04EC0-301F-11D3-BF4B-00C04F79EFBC}") = "ProductManager.Blazor", "ProductManager.Blazor\ProductManager.Blazor.csproj", "{32CB9353-C040-4375-A27C-FCC62E87B3EB}"
EndProject
Project("{2150E333-8FDC-42A3-9474-1A3956D46DE8}") = "01 Dal", "01 Dal", "{13FF9666-DA72-4AC1-B75B-8AA3A75CD369}"
EndProject
Project("{2150E333-8FDC-42A3-9474-1A3956D46DE8}") = "02 Bll", "02 Bll", "{8E7C98FE-85D7-465A-BABB-678C7DD719C3}"
EndProject
Project("{2150E333-8FDC-42A3-9474-1A3956D46DE8}") = "03 App", "03 App", "{2A898E88-248B-4756-9D70-EEF98EB97E98}"
EndProject
Project("{FAE04EC0-301F-11D3-BF4B-00C04F79EFBC}") = "ProductManager.Blazor.Dal", "ProductManager.Blazor.Dal\ProductManager.Blazor.Dal.csproj", "{F808787B-80E0-4E16-A0B6-ECF094151600}"
EndProject
Project("{FAE04EC0-301F-11D3-BF4B-00C04F79EFBC}") = "ProductManager.Blazor.Bll", "ProductManager.Blazor.Bll\ProductManager.Blazor.Bll.csproj", "{34802D9A-39BD-49BC-B3DC-F2121E5D1844}"
EndProject
Global
	GlobalSection(SolutionConfigurationPlatforms) = preSolution
		Debug|Any CPU = Debug|Any CPU
		Release|Any CPU = Release|Any CPU
	EndGlobalSection
	GlobalSection(ProjectConfigurationPlatforms) = postSolution
		{32CB9353-C040-4375-A27C-FCC62E87B3EB}.Debug|Any CPU.ActiveCfg = Debug|Any CPU
		{32CB9353-C040-4375-A27C-FCC62E87B3EB}.Debug|Any CPU.Build.0 = Debug|Any CPU
		{32CB9353-C040-4375-A27C-FCC62E87B3EB}.Release|Any CPU.ActiveCfg = Release|Any CPU
		{32CB9353-C040-4375-A27C-FCC62E87B3EB}.Release|Any CPU.Build.0 = Release|Any CPU
		{F808787B-80E0-4E16-A0B6-ECF094151600}.Debug|Any CPU.ActiveCfg = Debug|Any CPU
		{F808787B-80E0-4E16-A0B6-ECF094151600}.Debug|Any CPU.Build.0 = Debug|Any CPU
		{F808787B-80E0-4E16-A0B6-ECF094151600}.Release|Any CPU.ActiveCfg = Release|Any CPU
		{F808787B-80E0-4E16-A0B6-ECF094151600}.Release|Any CPU.Build.0 = Release|Any CPU
		{34802D9A-39BD-49BC-B3DC-F2121E5D1844}.Debug|Any CPU.ActiveCfg = Debug|Any CPU
		{34802D9A-39BD-49BC-B3DC-F2121E5D1844}.Debug|Any CPU.Build.0 = Debug|Any CPU
		{34802D9A-39BD-49BC-B3DC-F2121E5D1844}.Release|Any CPU.ActiveCfg = Release|Any CPU
		{34802D9A-39BD-49BC-B3DC-F2121E5D1844}.Release|Any CPU.Build.0 = Release|Any CPU
	EndGlobalSection
	GlobalSection(SolutionProperties) = preSolution
		HideSolutionNode = FALSE
	EndGlobalSection
	GlobalSection(NestedProjects) = preSolution
		{32CB9353-C040-4375-A27C-FCC62E87B3EB} = {2A898E88-248B-4756-9D70-EEF98EB97E98}
		{F808787B-80E0-4E16-A0B6-ECF094151600} = {13FF9666-DA72-4AC1-B75B-8AA3A75CD369}
		{34802D9A-39BD-49BC-B3DC-F2121E5D1844} = {8E7C98FE-85D7-465A-BABB-678C7DD719C3}
	EndGlobalSection
EndGlobal
